<?xml version="1.0" encoding="utf-8"?>
<Project ToolsVersion="4.0" xmlns="http://schemas.microsoft.com/developer/msbuild/2003">
  <ItemGroup>
    <ClCompile Include="fwsync-server.cpp">
      <Filter>Source Files</Filter>
    </ClCompile>
    <ClCompile Include="stdafx.cpp">
      <Filter>Source Files</Filter>
    </ClCompile>
    <ClCompile Include="main.cpp" />
    <ClCompile Include="utility.cpp">
      <Filter>Source Files</Filter>
    </ClCompile>
    <ClCompile Include="GetCommandHandler.cpp">
      <Filter>Source Files\Commands</Filter>
    </ClCompile>
    <ClCompile Include="CommandFactory.cpp">
      <Filter>Source Files\Commands</Filter>
    </ClCompile>
    <ClCompile Include="CommandHandler.cpp">
      <Filter>Source Files\Commands</Filter>
    </ClCompile>
    <ClCompile Include="InfoCommandHandler.cpp">
      <Filter>Source Files\Commands</Filter>
    </ClCompile>
    <ClCompile Include="QuitCommandHandler.cpp">
      <Filter>Source Files\Commands</Filter>
    </ClCompile>
    <ClCompile Include="Socket.cpp">
      <Filter>Source Files</Filter>
    </ClCompile>
    <ClCompile Include="Directory.cpp">
      <Filter>Source Files\Models</Filter>
    </ClCompile>
    <ClCompile Include="DirCommandHandler.cpp">
      <Filter>Source Files\Commands</Filter>
    </ClCompile>
  </ItemGroup>
  <ItemGroup>
    <ClInclude Include="fwsync-server.h">
      <Filter>Header Files</Filter>
    </ClInclude>
    <ClInclude Include="stdafx.h">
      <Filter>Header Files</Filter>
    </ClInclude>
    <ClInclude Include="targetver.h">
      <Filter>Header Files</Filter>
    </ClInclude>
    <ClInclude Include="constants.h">
      <Filter>Header Files</Filter>
    </ClInclude>
    <ClInclude Include="utility.h">
      <Filter>Header Files</Filter>
    </ClInclude>
    <ClInclude Include="CommandHandler.h">
      <Filter>Header Files\Commands</Filter>
    </ClInclude>
    <ClInclude Include="GetCommandHandler.h">
      <Filter>Header Files\Commands</Filter>
    </ClInclude>
    <ClInclude Include="CommandFactory.h">
      <Filter>Header Files\Commands</Filter>
    </ClInclude>
    <ClInclude Include="InfoCommandHandler.h">
      <Filter>Header Files\Commands</Filter>
    </ClInclude>
    <ClInclude Include="QuitCommandHandler.h">
      <Filter>Header Files\Commands</Filter>
    </ClInclude>
    <ClInclude Include="Socket.h">
      <Filter>Header Files</Filter>
    </ClInclude>
    <ClInclude Include="dirent.h">
      <Filter>Header Files</Filter>
    </ClInclude>
    <ClInclude Include="Directory.h">
      <Filter>Header Files\Models</Filter>
    </ClInclude>
    <ClInclude Include="DirCommandHandler.h">
      <Filter>Header Files\Commands</Filter>
    </ClInclude>
    <ClInclude Include="SocketException.h">
      <Filter>Header Files\Exceptions</Filter>
    </ClInclude>
  </ItemGroup>
  <ItemGroup>
    <Text Include="ReadMe.txt" />
  </ItemGroup>
  <ItemGroup>
    <Filter Include="Source Files">
      <UniqueIdentifier>{5bee1fb4-8c2a-40f7-99a9-80ebf449ad7e}</UniqueIdentifier>
    </Filter>
    <Filter Include="Header Files">
      <UniqueIdentifier>{cf0f4fd3-7e10-4c4a-b2d2-9f69ea880ac0}</UniqueIdentifier>
    </Filter>
    <Filter Include="Source Files\Commands">
      <UniqueIdentifier>{607da550-1ac2-4bba-aa9b-9200310fa477}</UniqueIdentifier>
    </Filter>
    <Filter Include="Header Files\Commands">
      <UniqueIdentifier>{088aa792-9843-4fb3-8753-53b72d6ce55f}</UniqueIdentifier>
    </Filter>
    <Filter Include="Header Files\Models">
      <UniqueIdentifier>{7dc5ddc8-fe0a-4a19-96e7-747f2385b44e}</UniqueIdentifier>
    </Filter>
    <Filter Include="Source Files\Models">
      <UniqueIdentifier>{94802272-57ff-4871-a613-9e03304a0aa4}</UniqueIdentifier>
    </Filter>
    <Filter Include="Header Files\Exceptions">
      <UniqueIdentifier>{cc2ec882-f326-45e7-b1f5-0dc22d097f27}</UniqueIdentifier>
    </Filter>
  </ItemGroup>
</Project>